
Microsoft Visual Studio Solution File, Format Version 12.00
# Visual Studio Version 17
VisualStudioVersion = 17.0.32112.339
MinimumVisualStudioVersion = 10.0.40219.1
Project("{FAE04EC0-301F-11D3-BF4B-00C04F79EFBC}") = "convertorDeCelcius", "convertorDeCelcius\convertorDeCelcius.csproj", "{9C2070DD-DCBE-413C-BD4E-10CDC1C345FF}"
EndProject
Global
	GlobalSection(SolutionConfigurationPlatforms) = preSolution
		Debug|Any CPU = Debug|Any CPU
		Release|Any CPU = Release|Any CPU
	EndGlobalSection
	GlobalSection(ProjectConfigurationPlatforms) = postSolution
		{9C2070DD-DCBE-413C-BD4E-10CDC1C345FF}.Debug|Any CPU.ActiveCfg = Debug|Any CPU
		{9C2070DD-DCBE-413C-BD4E-10CDC1C345FF}.Debug|Any CPU.Build.0 = Debug|Any CPU
		{9C2070DD-DCBE-413C-BD4E-10CDC1C345FF}.Release|Any CPU.ActiveCfg = Release|Any CPU
		{9C2070DD-DCBE-413C-BD4E-10CDC1C345FF}.Release|Any CPU.Build.0 = Release|Any CPU
	EndGlobalSection
	GlobalSection(SolutionProperties) = preSolution
		HideSolutionNode = FALSE
	EndGlobalSection
	GlobalSection(ExtensibilityGlobals) = postSolution
		SolutionGuid = {3D0A6BB0-BC6C-463C-8718-66E61C024684}
	EndGlobalSection
EndGlobal
